{
  "name": "feed-registry",
  "version": "1.0.0",
  "lockfileVersion": 2,
  "requires": true,
  "packages": {
    "": {
      "name": "feed-registry",
      "version": "1.0.0",
      "license": "ISC",
      "dependencies": {
        "@balancer-labs/v2-pool-utils": "^2.0.1",
        "@balancer-labs/v2-vault": "^2.0.0",
        "@openzeppelin/contracts": "^3.4.2",
        "@openzeppelin/contracts-upgradeable": "^3.4.2"
      },
      "devDependencies": {
        "prettier-plugin-solidity": "^1.4.2"
      }
    },
    "node_modules/@balancer-labs/v2-asset-manager-utils": {
      "version": "0.2.0",
      "resolved": "https://registry.npmjs.org/@balancer-labs/v2-asset-manager-utils/-/v2-asset-manager-utils-0.2.0.tgz",
      "integrity": "sha512-6ti1pzbpgB5aT1WzbGwo69ILTNAJdAnaJcw3L9QB2aBsAhQ41H+MF3tjPvuv6P84RgJ9z42EhtwLYZqklRF0rg==",
      "dependencies": {
        "@balancer-labs/v2-solidity-utils": "2.0.0",
        "@balancer-labs/v2-vault": "2.0.0"
      }
    },
    "node_modules/@balancer-labs/v2-pool-utils": {
      "version": "2.0.1",
      "resolved": "https://registry.npmjs.org/@balancer-labs/v2-pool-utils/-/v2-pool-utils-2.0.1.tgz",
      "integrity": "sha512-Xt3d8LqJnqq5JkuSgvf0sZuWqaywg9JxrCT1myVsG6zgbtfvcraJgSCLERUdqxP47aUPHwKvm5/+mdT9xayCXA==",
      "dependencies": {
        "@balancer-labs/v2-asset-manager-utils": "0.2.0",
        "@balancer-labs/v2-solidity-utils": "2.0.0",
        "@balancer-labs/v2-vault": "2.0.0"
      }
    },
    "node_modules/@balancer-labs/v2-solidity-utils": {
      "version": "2.0.0",
      "resolved": "https://registry.npmjs.org/@balancer-labs/v2-solidity-utils/-/v2-solidity-utils-2.0.0.tgz",
      "integrity": "sha512-OB+05vJqrs35B1d40y7tnSm6oYWnsmfRa/wpI2owJXhwx/8qr2buE+RDmT0x6Upr/c7wBdUh8v4UVk9l0+CNiA=="
    },
    "node_modules/@balancer-labs/v2-vault": {
      "version": "2.0.0",
      "resolved": "https://registry.npmjs.org/@balancer-labs/v2-vault/-/v2-vault-2.0.0.tgz",
      "integrity": "sha512-GwPY84j6g7OY1z13wRYYGQeupb6DI3U+s22Ebg2v32djS9CnPzM04GJapURRbKZkpraUOYIcqhEF3Cm1AafAKg==",
      "dependencies": {
        "@balancer-labs/v2-solidity-utils": "2.0.0"
      }
    },
    "node_modules/@openzeppelin/contracts": {
      "version": "3.4.2",
      "resolved": "https://registry.npmjs.org/@openzeppelin/contracts/-/contracts-3.4.2.tgz",
      "integrity": "sha512-z0zMCjyhhp4y7XKAcDAi3Vgms4T2PstwBdahiO0+9NaGICQKjynK3wduSRplTgk4LXmoO1yfDGO5RbjKYxtuxA=="
    },
    "node_modules/@openzeppelin/contracts-upgradeable": {
      "version": "3.4.2",
      "resolved": "https://registry.npmjs.org/@openzeppelin/contracts-upgradeable/-/contracts-upgradeable-3.4.2.tgz",
      "integrity": "sha512-mDlBS17ymb2wpaLcrqRYdnBAmP1EwqhOXMvqWk2c5Q1N1pm5TkiCtXM9Xzznh4bYsQBq0aIWEkFFE2+iLSN1Tw=="
    },
    "node_modules/@solidity-parser/parser": {
      "version": "0.19.0",
      "resolved": "https://registry.npmjs.org/@solidity-parser/parser/-/parser-0.19.0.tgz",
      "integrity": "sha512-RV16k/qIxW/wWc+mLzV3ARyKUaMUTBy9tOLMzFhtNSKYeTAanQ3a5MudJKf/8arIFnA2L27SNjarQKmFg0w/jA==",
      "dev": true
    },
    "node_modules/prettier": {
      "version": "3.5.1",
      "resolved": "https://registry.npmjs.org/prettier/-/prettier-3.5.1.tgz",
      "integrity": "sha512-hPpFQvHwL3Qv5AdRvBFMhnKo4tYxp0ReXiPn2bxkiohEX6mBeBwEpBSQTkD458RaaDKQMYSp4hX4UtfUTA5wDw==",
      "dev": true,
      "peer": true,
      "bin": {
        "prettier": "bin/prettier.cjs"
      },
      "engines": {
        "node": ">=14"
      },
      "funding": {
        "url": "https://github.com/prettier/prettier?sponsor=1"
      }
    },
    "node_modules/prettier-plugin-solidity": {
      "version": "1.4.2",
      "resolved": "https://registry.npmjs.org/prettier-plugin-solidity/-/prettier-plugin-solidity-1.4.2.tgz",
      "integrity": "sha512-VVD/4XlDjSzyPWWCPW8JEleFa8JNKFYac5kNlMjVXemQyQZKfpekPMhFZSePuXB6L+RixlFvWe20iacGjFYrLw==",
      "dev": true,
      "dependencies": {
        "@solidity-parser/parser": "^0.19.0",
        "semver": "^7.6.3"
      },
      "engines": {
        "node": ">=18"
      },
      "peerDependencies": {
        "prettier": ">=2.3.0"
      }
    },
    "node_modules/semver": {
      "version": "7.7.1",
      "resolved": "https://registry.npmjs.org/semver/-/semver-7.7.1.tgz",
      "integrity": "sha512-hlq8tAfn0m/61p4BVRcPzIGr6LKiMwo4VM6dGi6pt4qcRkmNzTcWq6eCEjEh+qXjkMDvPlOFFSGwQjoEa6gyMA==",
      "dev": true,
      "bin": {
        "semver": "bin/semver.js"
      },
      "engines": {
        "node": ">=10"
      }
    }
  },
  "dependencies": {
    "@balancer-labs/v2-asset-manager-utils": {
      "version": "0.2.0",
      "resolved": "https://registry.npmjs.org/@balancer-labs/v2-asset-manager-utils/-/v2-asset-manager-utils-0.2.0.tgz",
      "integrity": "sha512-6ti1pzbpgB5aT1WzbGwo69ILTNAJdAnaJcw3L9QB2aBsAhQ41H+MF3tjPvuv6P84RgJ9z42EhtwLYZqklRF0rg==",
      "requires": {
        "@balancer-labs/v2-solidity-utils": "2.0.0",
        "@balancer-labs/v2-vault": "2.0.0"
      }
    },
    "@balancer-labs/v2-pool-utils": {
      "version": "2.0.1",
      "resolved": "https://registry.npmjs.org/@balancer-labs/v2-pool-utils/-/v2-pool-utils-2.0.1.tgz",
      "integrity": "sha512-Xt3d8LqJnqq5JkuSgvf0sZuWqaywg9JxrCT1myVsG6zgbtfvcraJgSCLERUdqxP47aUPHwKvm5/+mdT9xayCXA==",
      "requires": {
        "@balancer-labs/v2-asset-manager-utils": "0.2.0",
        "@balancer-labs/v2-solidity-utils": "2.0.0",
        "@balancer-labs/v2-vault": "2.0.0"
      }
    },
    "@balancer-labs/v2-solidity-utils": {
      "version": "2.0.0",
      "resolved": "https://registry.npmjs.org/@balancer-labs/v2-solidity-utils/-/v2-solidity-utils-2.0.0.tgz",
      "integrity": "sha512-OB+05vJqrs35B1d40y7tnSm6oYWnsmfRa/wpI2owJXhwx/8qr2buE+RDmT0x6Upr/c7wBdUh8v4UVk9l0+CNiA=="
    },
    "@balancer-labs/v2-vault": {
      "version": "2.0.0",
      "resolved": "https://registry.npmjs.org/@balancer-labs/v2-vault/-/v2-vault-2.0.0.tgz",
      "integrity": "sha512-GwPY84j6g7OY1z13wRYYGQeupb6DI3U+s22Ebg2v32djS9CnPzM04GJapURRbKZkpraUOYIcqhEF3Cm1AafAKg==",
      "requires": {
        "@balancer-labs/v2-solidity-utils": "2.0.0"
      }
    },
    "@openzeppelin/contracts": {
      "version": "3.4.2",
      "resolved": "https://registry.npmjs.org/@openzeppelin/contracts/-/contracts-3.4.2.tgz",
      "integrity": "sha512-z0zMCjyhhp4y7XKAcDAi3Vgms4T2PstwBdahiO0+9NaGICQKjynK3wduSRplTgk4LXmoO1yfDGO5RbjKYxtuxA=="
    },
    "@openzeppelin/contracts-upgradeable": {
      "version": "3.4.2",
      "resolved": "https://registry.npmjs.org/@openzeppelin/contracts-upgradeable/-/contracts-upgradeable-3.4.2.tgz",
      "integrity": "sha512-mDlBS17ymb2wpaLcrqRYdnBAmP1EwqhOXMvqWk2c5Q1N1pm5TkiCtXM9Xzznh4bYsQBq0aIWEkFFE2+iLSN1Tw=="
    },
    "@solidity-parser/parser": {
      "version": "0.19.0",
      "resolved": "https://registry.npmjs.org/@solidity-parser/parser/-/parser-0.19.0.tgz",
      "integrity": "sha512-RV16k/qIxW/wWc+mLzV3ARyKUaMUTBy9tOLMzFhtNSKYeTAanQ3a5MudJKf/8arIFnA2L27SNjarQKmFg0w/jA==",
      "dev": true
    },
    "prettier": {
      "version": "3.5.1",
      "resolved": "https://registry.npmjs.org/prettier/-/prettier-3.5.1.tgz",
      "integrity": "sha512-hPpFQvHwL3Qv5AdRvBFMhnKo4tYxp0ReXiPn2bxkiohEX6mBeBwEpBSQTkD458RaaDKQMYSp4hX4UtfUTA5wDw==",
      "dev": true,
      "peer": true
    },
    "prettier-plugin-solidity": {
      "version": "1.4.2",
      "resolved": "https://registry.npmjs.org/prettier-plugin-solidity/-/prettier-plugin-solidity-1.4.2.tgz",
      "integrity": "sha512-VVD/4XlDjSzyPWWCPW8JEleFa8JNKFYac5kNlMjVXemQyQZKfpekPMhFZSePuXB6L+RixlFvWe20iacGjFYrLw==",
      "dev": true,
      "requires": {
        "@solidity-parser/parser": "^0.19.0",
        "semver": "^7.6.3"
      }
    },
    "semver": {
      "version": "7.7.1",
      "resolved": "https://registry.npmjs.org/semver/-/semver-7.7.1.tgz",
      "integrity": "sha512-hlq8tAfn0m/61p4BVRcPzIGr6LKiMwo4VM6dGi6pt4qcRkmNzTcWq6eCEjEh+qXjkMDvPlOFFSGwQjoEa6gyMA==",
      "dev": true
    }
  }
}
