{
  "name": "feed-registry",
  "version": "1.0.0",
  "lockfileVersion": 2,
  "requires": true,
  "packages": {
    "": {
      "name": "feed-registry",
      "version": "1.0.0",
      "license": "ISC",
      "dependencies": {
        "@balancer-labs/v2-vault": "^2.0.0"
      }
    },
    "node_modules/@balancer-labs/v2-solidity-utils": {
      "version": "2.0.0",
      "resolved": "https://registry.npmjs.org/@balancer-labs/v2-solidity-utils/-/v2-solidity-utils-2.0.0.tgz",
      "integrity": "sha512-OB+05vJqrs35B1d40y7tnSm6oYWnsmfRa/wpI2owJXhwx/8qr2buE+RDmT0x6Upr/c7wBdUh8v4UVk9l0+CNiA=="
    },
    "node_modules/@balancer-labs/v2-vault": {
      "version": "2.0.0",
      "resolved": "https://registry.npmjs.org/@balancer-labs/v2-vault/-/v2-vault-2.0.0.tgz",
      "integrity": "sha512-GwPY84j6g7OY1z13wRYYGQeupb6DI3U+s22Ebg2v32djS9CnPzM04GJapURRbKZkpraUOYIcqhEF3Cm1AafAKg==",
      "dependencies": {
        "@balancer-labs/v2-solidity-utils": "2.0.0"
      }
    }
  },
  "dependencies": {
    "@balancer-labs/v2-solidity-utils": {
      "version": "2.0.0",
      "resolved": "https://registry.npmjs.org/@balancer-labs/v2-solidity-utils/-/v2-solidity-utils-2.0.0.tgz",
      "integrity": "sha512-OB+05vJqrs35B1d40y7tnSm6oYWnsmfRa/wpI2owJXhwx/8qr2buE+RDmT0x6Upr/c7wBdUh8v4UVk9l0+CNiA=="
    },
    "@balancer-labs/v2-vault": {
      "version": "2.0.0",
      "resolved": "https://registry.npmjs.org/@balancer-labs/v2-vault/-/v2-vault-2.0.0.tgz",
      "integrity": "sha512-GwPY84j6g7OY1z13wRYYGQeupb6DI3U+s22Ebg2v32djS9CnPzM04GJapURRbKZkpraUOYIcqhEF3Cm1AafAKg==",
      "requires": {
        "@balancer-labs/v2-solidity-utils": "2.0.0"
      }
    }
  }
}
